Microsoft Visual Studio Solution File, Format Version 11.00
# Visual Studio 2008

Project("{48FF7838-591F-BF6A-F186-8C52715A64FE}") = "3DWM", "Assembly-CSharp.csproj", "{8D7618DD-B664-76A2-7295-49D966E642B5}"
EndProject
Project("{48FF7838-591F-BF6A-F186-8C52715A64FE}") = "3DWM", "Assembly-CSharp-Editor.csproj", "{71C901EE-BC1B-0720-9ABA-1CBF25DAC75F}"
EndProject
Global
	GlobalSection(SolutionConfigurationPlatforms) = preSolution
		Debug|Any CPU = Debug|Any CPU
		Release|Any CPU = Release|Any CPU
	EndGlobalSection
	GlobalSection(ProjectConfigurationPlatforms) = postSolution
		{8D7618DD-B664-76A2-7295-49D966E642B5}.Debug|Any CPU.ActiveCfg = Debug|Any CPU
		{8D7618DD-B664-76A2-7295-49D966E642B5}.Debug|Any CPU.Build.0 = Debug|Any CPU
		{8D7618DD-B664-76A2-7295-49D966E642B5}.Release|Any CPU.ActiveCfg = Release|Any CPU
		{8D7618DD-B664-76A2-7295-49D966E642B5}.Release|Any CPU.Build.0 = Release|Any CPU
		{71C901EE-BC1B-0720-9ABA-1CBF25DAC75F}.Debug|Any CPU.ActiveCfg = Debug|Any CPU
		{71C901EE-BC1B-0720-9ABA-1CBF25DAC75F}.Debug|Any CPU.Build.0 = Debug|Any CPU
		{71C901EE-BC1B-0720-9ABA-1CBF25DAC75F}.Release|Any CPU.ActiveCfg = Release|Any CPU
		{71C901EE-BC1B-0720-9ABA-1CBF25DAC75F}.Release|Any CPU.Build.0 = Release|Any CPU
	EndGlobalSection
	GlobalSection(SolutionProperties) = preSolution
		HideSolutionNode = FALSE
	EndGlobalSection
	GlobalSection(MonoDevelopProperties) = preSolution
		StartupItem = Assembly-CSharp.csproj
	EndGlobalSection
EndGlobal
